{
  "name": "bengali-shaper",
  "version": "1.0.0",
  "lockfileVersion": 3,
  "requires": true,
  "packages": {
    "": {
      "name": "bengali-shaper",
      "version": "1.0.0",
      "dependencies": {
        "harfbuzzjs": "^1.6.0"
      }
    },
    "node_modules/harfbuzzjs": {
      "version": "1.6.0",
      "resolved": "https://registry.npmjs.org/harfbuzzjs/-/harfbuzzjs-1.6.0.tgz",
      "integrity": "sha512-fNnYg+CX5MBzckYZpqBJKs9qIVMH9vMhFNo9I81wp1QFu7jI3DOvtf1+VDwH4vsfnCylAFBNSX3gio9uNGPk/w==",
      "license": "MIT"
    }
  }
}
